{
  "version": "5",
  "specifiers": {
    "npm:@sentry/deno@10.73.0": "10.73.0",
    "npm:@supabase/supabase-js@2.57.2": "2.57.2",
    "npm:jszip@3.10.1": "3.10.1",
    "npm:pdf-lib@1.17.1": "1.17.1"
  },
  "npm": {
    "@opentelemetry/api@1.9.1": {
      "integrity": "sha512-gLyJlPHPZYdAk1JENA9LeHejZe1Ti77/pTeFm/nMXmQH/HFZlcS/O2XJB+L8fkbrNSqhdtlvjBVjxwUYanNH5Q=="
    },
    "@pdf-lib/standard-fonts@1.0.0": {
      "integrity": "sha512-hU30BK9IUN/su0Mn9VdlVKsWBS6GyhVfqjwl1FjZN4TxP6cCw0jP2w7V3Hf5uX7M0AZJ16vey9yE0ny7Sa59ZA==",
      "dependencies": [
        "pako"
      ]
    },
    "@pdf-lib/upng@1.0.1": {
      "integrity": "sha512-dQK2FUMQtowVP00mtIksrlZhdFXQZPC+taih1q4CvPZ5vqdxR/LKBaFg0oAfzd1GlHZXXSPdQfzQnt+ViGvEIQ==",
      "dependencies": [
        "pako"
      ]
    },
    "@sentry/conventions@0.16.0": {
      "integrity": "sha512-fO9PLmHdVURcSPUpWCItWAtgKiMwGdJHbovoSEyLplX5sxs2ugvI4CBPTrkkgqhObnZOD0CnWBKDzSVQYBKEyQ=="
    },
    "@sentry/core@10.73.0": {
      "integrity": "sha512-FLO1UgH19RyasVpofu612WCOgb2nEH0dZy+R72d7p65XU9i0wxlMKm3+sgfwKmiSJp1Qhilaaxs4Jg6BbiM5HA==",
      "dependencies": [
        "@sentry/conventions"
      ]
    },
    "@sentry/deno@10.73.0": {
      "integrity": "sha512-v35dJrxPE+psDm/DQeqxE1SX4kQr2MxNUXKATXhwqIe39ocuZVl+vXaV8SzYtYf+ru3M1WHUacsxcPEmMHnYnw==",
      "dependencies": [
        "@opentelemetry/api",
        "@sentry/core",
        "@sentry/server-utils"
      ]
    },
    "@sentry/server-utils@10.73.0": {
      "integrity": "sha512-QskripdKFbM/+gipC6mpa2crLwL7+VbkX84IpHg2z9UlYQ1kNKd3aMT+Qk9NLRSw/zu1rSIAvlbWfx4D3rgNAA==",
      "dependencies": [
        "@sentry/conventions",
        "@sentry/core"
      ]
    },
    "@supabase/auth-js@2.71.1": {
      "integrity": "sha512-mMIQHBRc+SKpZFRB2qtupuzulaUhFYupNyxqDj5Jp/LyPvcWvjaJzZzObv6URtL/O6lPxkanASnotGtNpS3H2Q==",
      "dependencies": [
        "@supabase/node-fetch"
      ]
    },
    "@supabase/functions-js@2.4.5": {
      "integrity": "sha512-v5GSqb9zbosquTo6gBwIiq7W9eQ7rE5QazsK/ezNiQXdCbY+bH8D9qEaBIkhVvX4ZRW5rP03gEfw5yw9tiq4EQ==",
      "dependencies": [
        "@supabase/node-fetch"
      ]
    },
    "@supabase/node-fetch@2.6.15": {
      "integrity": "sha512-1ibVeYUacxWYi9i0cf5efil6adJ9WRyZBLivgjs+AUpewx1F3xPi7gLgaASI2SmIQxPoCEjAsLAzKPgMJVgOUQ==",
      "dependencies": [
        "whatwg-url"
      ]
    },
    "@supabase/postgrest-js@1.21.3": {
      "integrity": "sha512-rg3DmmZQKEVCreXq6Am29hMVe1CzemXyIWVYyyua69y6XubfP+DzGfLxME/1uvdgwqdoaPbtjBDpEBhqxq1ZwA==",
      "dependencies": [
        "@supabase/node-fetch"
      ]
    },
    "@supabase/realtime-js@2.15.5": {
      "integrity": "sha512-/Rs5Vqu9jejRD8ZeuaWXebdkH+J7V6VySbCZ/zQM93Ta5y3mAmocjioa/nzlB6qvFmyylUgKVS1KpE212t30OA==",
      "dependencies": [
        "@supabase/node-fetch",
        "@types/phoenix",
        "@types/ws",
        "ws"
      ]
    },
    "@supabase/storage-js@2.116.0": {
      "integrity": "sha512-6/3hR6vccBP6oGM5B6RfbwZcTCKmQOodd/ZWQdsw8yJsU5zO/a//oBL6yLnmgxcjnHSrelW8rsO7hL5DPybyUQ==",
      "dependencies": [
        "iceberg-js",
        "tslib@2.8.1"
      ]
    },
    "@supabase/supabase-js@2.57.2": {
      "integrity": "sha512-MxaZqZKUPK1ExzOilgSZqCPCxVPjevUrh6bcWz1SrDZexFc9VJ2cJbVP1EG1hKQx/bfLdTUjIZMoIrYpYqAPYw==",
      "dependencies": [
        "@supabase/auth-js",
        "@supabase/functions-js",
        "@supabase/node-fetch",
        "@supabase/postgrest-js",
        "@supabase/realtime-js",
        "@supabase/storage-js"
      ]
    },
    "@types/node@26.5.1": {
      "integrity": "sha512-CzNm2FezW4VR/LjG6yUdiEgLE/rAQ9Slj5gCu/C2VrdcW7I0ahNZ8DRbHT7zOZ6r3ONgd/bsQIeSaoDGrd1C6g==",
      "dependencies": [
        "undici-types"
      ]
    },
    "@types/phoenix@1.6.7": {
      "integrity": "sha512-oN9ive//QSBkf19rfDv45M7eZPi0eEXylht2OLEXicu5b4KoQ1OzXIw+xDSGWxSxe1JmepRR/ZH283vsu518/Q=="
    },
    "@types/ws@8.18.1": {
      "integrity": "sha512-ThVF6DCVhA8kUGy+aazFQ4kXQ7E1Ty7A3ypFOe0IcJV8O/M511G99AW24irKrW56Wt44yG9+ij8FaqoBGkuBXg==",
      "dependencies": [
        "@types/node"
      ]
    },
    "core-util-is@1.0.3": {
      "integrity": "sha512-ZQBvi1DcpJ4GDqanjucZ2Hj3wEO5pZDS89BWbkcrvdxksJorwUDDZamX9ldFkp9aw2lmBDLgkObEA4DWNJ9FYQ=="
    },
    "iceberg-js@0.8.1": {
      "integrity": "sha512-1dhVQZXhcHje7798IVM+xoo/1ZdVfzOMIc8/rgVSijRK38EDqOJoGula9N/8ZI5RD8QTxNQtK/Gozpr+qUqRRA=="
    },
    "immediate@3.0.6": {
      "integrity": "sha512-XXOFtyqDjNDAQxVfYxuF7g9Il/IbWmmlQg2MYKOH8ExIT1qg6xc4zyS3HaEEATgs1btfzxq15ciUiY7gjSXRGQ=="
    },
    "inherits@2.0.4": {
      "integrity": "sha512-k/vGaX4/Yla3WzyMCvTQOXYeIHvqOKtnqBduzTHpzpQZzAskKMhZ2K+EnBiSM9zGSoIFeMpXKxa4dYeZIQqewQ=="
    },
    "isarray@1.0.0": {
      "integrity": "sha512-VLghIWNM6ELQzo7zwmcg0NmTVyWKYjvIeM83yjp0wRDTmUnrM678fQbcKBo6n2CJEF0szoG//ytg+TKla89ALQ=="
    },
    "jszip@3.10.1": {
      "integrity": "sha512-xXDvecyTpGLrqFrvkrUSoxxfJI5AH7U8zxxtVclpsUtMCq4JQ290LY8AW5c7Ggnr/Y/oK+bQMbqK2qmtk3pN4g==",
      "dependencies": [
        "lie",
        "pako",
        "readable-stream",
        "setimmediate"
      ]
    },
    "lie@3.3.0": {
      "integrity": "sha512-UaiMJzeWRlEujzAuw5LokY1L5ecNQYZKfmyZ9L7wDHb/p5etKaxXhohBcrw0EYby+G/NA52vRSN4N39dxHAIwQ==",
      "dependencies": [
        "immediate"
      ]
    },
    "pako@1.0.11": {
      "integrity": "sha512-4hLB8Py4zZce5s4yd9XzopqwVv/yGNhV1Bl8NTmCq1763HeK2+EwVTv+leGeL13Dnh2wfbqowVPXCIO0z4taYw=="
    },
    "pdf-lib@1.17.1": {
      "integrity": "sha512-V/mpyJAoTsN4cnP31vc0wfNA1+p20evqqnap0KLoRUN0Yk/p3wN52DOEsL4oBFcLdb76hlpKPtzJIgo67j/XLw==",
      "dependencies": [
        "@pdf-lib/standard-fonts",
        "@pdf-lib/upng",
        "pako",
        "tslib@1.14.1"
      ]
    },
    "process-nextick-args@2.0.1": {
      "integrity": "sha512-3ouUOpQhtgrbOa17J7+uxOTpITYWaGP7/AhoR3+A+/1e9skrzelGi/dXzEYyvbxubEF6Wn2ypscTKiKJFFn1ag=="
    },
    "readable-stream@2.3.8": {
      "integrity": "sha512-8p0AUk4XODgIewSi0l8Epjs+EVnWiK7NoDIEGU0HhE7+ZyY8D1IMY7odu5lRrFXGg71L15KG8QrPmum45RTtdA==",
      "dependencies": [
        "core-util-is",
        "inherits",
        "isarray",
        "process-nextick-args",
        "safe-buffer",
        "string_decoder",
        "util-deprecate"
      ]
    },
    "safe-buffer@5.1.2": {
      "integrity": "sha512-Gd2UZBJDkXlY7GbJxfsE8/nvKkUEU1G38c1siN6QP6a9PT9MmHB8GnpscSmMJSoF8LOIrt8ud/wPtojys4G6+g=="
    },
    "setimmediate@1.0.5": {
      "integrity": "sha512-MATJdZp8sLqDl/68LfQmbP8zKPLQNV6BIZoIgrscFDQ+RsvK/BxeDQOgyxKKoh0y/8h3BqVFnCqQ/gd+reiIXA=="
    },
    "string_decoder@1.1.1": {
      "integrity": "sha512-n/ShnvDi6FHbbVfviro+WojiFzv+s8MPMHBczVePfUpDJLwoLT0ht1l4YwBCbi8pJAveEEdnkHyPyTP/mzRfwg==",
      "dependencies": [
        "safe-buffer"
      ]
    },
    "tr46@0.0.3": {
      "integrity": "sha512-N3WMsuqV66lT30CrXNbEjx4GEwlow3v6rr4mCcv6prnfwhS01rkgyFdjPNBYd9br7LpXV1+Emh01fHnq2Gdgrw=="
    },
    "tslib@1.14.1": {
      "integrity": "sha512-Xni35NKzjgMrwevysHTCArtLDpPvye8zV/0E4EyYn43P7/7qvQwPh9BGkHewbMulVntbigmcT7rdX3BNo9wRJg=="
    },
    "tslib@2.8.1": {
      "integrity": "sha512-oJFu94HQb+KVduSUQL7wnpmqnfmLsOA/nAh6b6EH0wCEoK0/mPeXU6c3wKDV83MkOuHPRHtSXKKU99IBazS/2w=="
    },
    "undici-types@8.9.0": {
      "integrity": "sha512-KTDyRTYX8sWmKXAikPHHSyc63CRPETMctyjKFupcC6OBLXT3xsN0e9aF7m+mIXutFWpUXuedtowG7iLOzp0kQg=="
    },
    "util-deprecate@1.0.2": {
      "integrity": "sha512-EPD5q1uXyFxJpCrLnCc1nHnq3gOa6DZBocAIiI2TaSCA7VCJ1UJDMagCzIkXNsUYfD1daK//LTEQ8xiIbrHtcw=="
    },
    "webidl-conversions@3.0.1": {
      "integrity": "sha512-2JAn3z8AR6rjK8Sm8orRC0h/bcl/DqL7tRPdGZ4I1CjdF+EaMLmYxBHyXuKL849eucPFhvBoxMsflfOb8kxaeQ=="
    },
    "whatwg-url@5.0.0": {
      "integrity": "sha512-saE57nupxk6v3HY35+jzBwYa0rKSy0XR8JSxZPwgLr7ys0IBzhGviA1/TUGJLmSVqs8pb9AnvICXEuOHLprYTw==",
      "dependencies": [
        "tr46",
        "webidl-conversions"
      ]
    },
    "ws@8.21.3": {
      "integrity": "sha512-201TZ/kPWxoPr/OKWjquZR1SWKXcvxdH+e1xrx89b3YbmzLMFCLfnaG1HFIgWzJOEWZ7MvpK++odZufgYR50Rw=="
    }
  },
  "redirects": {
    "https://esm.sh/@pdf-lib/standard-fonts@^1.0.0?target=denonext": "https://esm.sh/@pdf-lib/standard-fonts@1.0.0?target=denonext",
    "https://esm.sh/@pdf-lib/upng@^1.0.1?target=denonext": "https://esm.sh/@pdf-lib/upng@1.0.1?target=denonext",
    "https://esm.sh/@supabase/node-fetch@^2.6.13?target=denonext": "https://esm.sh/@supabase/node-fetch@2.6.15?target=denonext",
    "https://esm.sh/@supabase/node-fetch@^2.6.14?target=denonext": "https://esm.sh/@supabase/node-fetch@2.6.15?target=denonext",
    "https://esm.sh/@supabase/storage-js@^2.10.4?target=denonext": "https://esm.sh/@supabase/storage-js@2.116.0?target=denonext",
    "https://esm.sh/@supabase/supabase-js@2": "https://esm.sh/@supabase/supabase-js@2.116.0",
    "https://esm.sh/@types/get-intrinsic@~1.2.3/index.d.ts": "https://esm.sh/@types/get-intrinsic@1.2.3/index.d.ts",
    "https://esm.sh/@types/object-inspect@~1.13.0/index.d.ts": "https://esm.sh/@types/object-inspect@1.13.0/index.d.ts",
    "https://esm.sh/@types/pako@~1.0.7/index.d.ts": "https://esm.sh/@types/pako@1.0.7/index.d.ts",
    "https://esm.sh/@types/qs@~6.15.1/index.d.ts": "https://esm.sh/@types/qs@6.15.1/index.d.ts",
    "https://esm.sh/@types/ws@~8.18.1/index.d.mts": "https://esm.sh/@types/ws@8.18.1/index.d.mts",
    "https://esm.sh/async-function@^1.0.0?target=denonext": "https://esm.sh/async-function@1.0.0?target=denonext",
    "https://esm.sh/async-generator-function@^1.0.0?target=denonext": "https://esm.sh/async-generator-function@1.0.0?target=denonext",
    "https://esm.sh/bufferutil@^4.0.1?target=denonext": "https://esm.sh/bufferutil@4.1.0?target=denonext",
    "https://esm.sh/call-bind-apply-helpers@^1.0.1?target=denonext": "https://esm.sh/call-bind-apply-helpers@1.0.2?target=denonext",
    "https://esm.sh/call-bind-apply-helpers@^1.0.2/functionApply?target=denonext": "https://esm.sh/call-bind-apply-helpers@1.0.2/functionApply?target=denonext",
    "https://esm.sh/call-bind-apply-helpers@^1.0.2/functionCall?target=denonext": "https://esm.sh/call-bind-apply-helpers@1.0.2/functionCall?target=denonext",
    "https://esm.sh/call-bind-apply-helpers@^1.0.2?target=denonext": "https://esm.sh/call-bind-apply-helpers@1.0.2?target=denonext",
    "https://esm.sh/call-bound@^1.0.2?target=denonext": "https://esm.sh/call-bound@1.0.4?target=denonext",
    "https://esm.sh/dunder-proto@^1.0.1/get?target=denonext": "https://esm.sh/dunder-proto@1.0.1/get?target=denonext",
    "https://esm.sh/es-object-atoms@^1.0.0?target=denonext": "https://esm.sh/es-object-atoms@1.1.2?target=denonext",
    "https://esm.sh/es-object-atoms@^1.1.1?target=denonext": "https://esm.sh/es-object-atoms@1.1.2?target=denonext",
    "https://esm.sh/generator-function@^2.0.0?target=denonext": "https://esm.sh/generator-function@2.0.1?target=denonext",
    "https://esm.sh/get-intrinsic@^1.2.5?target=denonext": "https://esm.sh/get-intrinsic@1.3.1?target=denonext",
    "https://esm.sh/get-intrinsic@^1.3.0?target=denonext": "https://esm.sh/get-intrinsic@1.3.1?target=denonext",
    "https://esm.sh/get-proto@^1.0.1/Object.getPrototypeOf?target=denonext": "https://esm.sh/get-proto@1.0.1/Object.getPrototypeOf?target=denonext",
    "https://esm.sh/get-proto@^1.0.1/Reflect.getPrototypeOf?target=denonext": "https://esm.sh/get-proto@1.0.1/Reflect.getPrototypeOf?target=denonext",
    "https://esm.sh/get-proto@^1.0.1?target=denonext": "https://esm.sh/get-proto@1.0.1?target=denonext",
    "https://esm.sh/iceberg-js@^0.8.1?target=denonext": "https://esm.sh/iceberg-js@0.8.1?target=denonext",
    "https://esm.sh/math-intrinsics@^1.1.0/abs?target=denonext": "https://esm.sh/math-intrinsics@1.1.0/abs?target=denonext",
    "https://esm.sh/math-intrinsics@^1.1.0/floor?target=denonext": "https://esm.sh/math-intrinsics@1.1.0/floor?target=denonext",
    "https://esm.sh/math-intrinsics@^1.1.0/max?target=denonext": "https://esm.sh/math-intrinsics@1.1.0/max?target=denonext",
    "https://esm.sh/math-intrinsics@^1.1.0/min?target=denonext": "https://esm.sh/math-intrinsics@1.1.0/min?target=denonext",
    "https://esm.sh/math-intrinsics@^1.1.0/pow?target=denonext": "https://esm.sh/math-intrinsics@1.1.0/pow?target=denonext",
    "https://esm.sh/math-intrinsics@^1.1.0/round?target=denonext": "https://esm.sh/math-intrinsics@1.1.0/round?target=denonext",
    "https://esm.sh/math-intrinsics@^1.1.0/sign?target=denonext": "https://esm.sh/math-intrinsics@1.1.0/sign?target=denonext",
    "https://esm.sh/node-gyp-build@^4.3.0?target=denonext": "https://esm.sh/node-gyp-build@4.8.4?target=denonext",
    "https://esm.sh/object-inspect@^1.13.3?target=denonext": "https://esm.sh/object-inspect@1.13.4?target=denonext",
    "https://esm.sh/object-inspect@^1.13.4?target=denonext": "https://esm.sh/object-inspect@1.13.4?target=denonext",
    "https://esm.sh/pako@^1.0.10?target=denonext": "https://esm.sh/pako@1.0.11?target=denonext",
    "https://esm.sh/pako@^1.0.11?target=denonext": "https://esm.sh/pako@1.0.11?target=denonext",
    "https://esm.sh/pako@^1.0.6?target=denonext": "https://esm.sh/pako@1.0.11?target=denonext",
    "https://esm.sh/qs@^6.11.0?target=denonext": "https://esm.sh/qs@6.16.0?target=denonext",
    "https://esm.sh/side-channel-list@^1.0.1?target=denonext": "https://esm.sh/side-channel-list@1.0.1?target=denonext",
    "https://esm.sh/side-channel-map@^1.0.1?target=denonext": "https://esm.sh/side-channel-map@1.0.1?target=denonext",
    "https://esm.sh/side-channel-weakmap@^1.0.2?target=denonext": "https://esm.sh/side-channel-weakmap@1.0.2?target=denonext",
    "https://esm.sh/side-channel@^1.1.1?target=denonext": "https://esm.sh/side-channel@1.1.1?target=denonext",
    "https://esm.sh/tr46@~0.0.3?target=denonext": "https://esm.sh/tr46@0.0.3?target=denonext",
    "https://esm.sh/tslib@^1.11.1?target=denonext": "https://esm.sh/tslib@1.14.1?target=denonext",
    "https://esm.sh/utf-8-validate@%3E=5.0.2?target=denonext": "https://esm.sh/utf-8-validate@6.0.6?target=denonext",
    "https://esm.sh/webidl-conversions@^3.0.0?target=denonext": "https://esm.sh/webidl-conversions@3.0.1?target=denonext",
    "https://esm.sh/whatwg-url@^5.0.0?target=denonext": "https://esm.sh/whatwg-url@5.0.0?target=denonext",
    "https://esm.sh/ws@^8.14.2?target=denonext": "https://esm.sh/ws@8.21.3?target=denonext",
    "https://esm.sh/ws@^8.18.0?target=denonext": "https://esm.sh/ws@8.21.3?target=denonext"
  },
  "remote": {
    "https://deno.land/std@0.168.0/async/abortable.ts": "80b2ac399f142cc528f95a037a7d0e653296352d95c681e284533765961de409",
    "https://deno.land/std@0.168.0/async/deadline.ts": "2c2deb53c7c28ca1dda7a3ad81e70508b1ebc25db52559de6b8636c9278fd41f",
    "https://deno.land/std@0.168.0/async/debounce.ts": "60301ffb37e730cd2d6f9dadfd0ecb2a38857681bd7aaf6b0a106b06e5210a98",
    "https://deno.land/std@0.168.0/async/deferred.ts": "77d3f84255c3627f1cc88699d8472b664d7635990d5358c4351623e098e917d6",
    "https://deno.land/std@0.168.0/async/delay.ts": "5a9bfba8de38840308a7a33786a0155a7f6c1f7a859558ddcec5fe06e16daf57",
    "https://deno.land/std@0.168.0/async/mod.ts": "7809ad4bb223e40f5fdc043e5c7ca04e0e25eed35c32c3c32e28697c553fa6d9",
    "https://deno.land/std@0.168.0/async/mux_async_iterator.ts": "770a0ff26c59f8bbbda6b703a2235f04e379f73238e8d66a087edc68c2a2c35f",
    "https://deno.land/std@0.168.0/async/pool.ts": "6854d8cd675a74c73391c82005cbbe4cc58183bddcd1fbbd7c2bcda42b61cf69",
    "https://deno.land/std@0.168.0/async/retry.ts": "e8e5173623915bbc0ddc537698fa418cf875456c347eda1ed453528645b42e67",
    "https://deno.land/std@0.168.0/async/tee.ts": "3a47cc4e9a940904fd4341f0224907e199121c80b831faa5ec2b054c6d2eff5e",
    "https://deno.land/std@0.168.0/encoding/base64.ts": "8605e018e49211efc767686f6f687827d7f5fd5217163e981d8d693105640d7a",
    "https://deno.land/std@0.168.0/http/server.ts": "e99c1bee8a3f6571ee4cdeb2966efad465b8f6fe62bec1bdb59c1f007cc4d155",
    "https://deno.land/std@0.190.0/_util/asserts.ts": "178dfc49a464aee693a7e285567b3d0b555dc805ff490505a8aae34f9cfb1462",
    "https://deno.land/std@0.190.0/async/abortable.ts": "fd682fa46f3b7b16b4606a5ab52a7ce309434b76f820d3221bdfb862719a15d7",
    "https://deno.land/std@0.190.0/async/deadline.ts": "58f72a3cc0fcb731b2cc055ba046f4b5be3349ff6bf98f2e793c3b969354aab2",
    "https://deno.land/std@0.190.0/async/debounce.ts": "adab11d04ca38d699444ac8a9d9856b4155e8dda2afd07ce78276c01ea5a4332",
    "https://deno.land/std@0.190.0/async/deferred.ts": "42790112f36a75a57db4a96d33974a936deb7b04d25c6084a9fa8a49f135def8",
    "https://deno.land/std@0.190.0/async/delay.ts": "73aa04cec034c84fc748c7be49bb15cac3dd43a57174bfdb7a4aec22c248f0dd",
    "https://deno.land/std@0.190.0/async/mod.ts": "f04344fa21738e5ad6bea37a6bfffd57c617c2d372bb9f9dcfd118a1b622e576",
    "https://deno.land/std@0.190.0/async/mux_async_iterator.ts": "70c7f2ee4e9466161350473ad61cac0b9f115cff4c552eaa7ef9d50c4cbb4cc9",
    "https://deno.land/std@0.190.0/async/pool.ts": "f1b8d3df4d7fd3c73f8cbc91cc2e8b8e950910f1eab94230b443944d7584c657",
    "https://deno.land/std@0.190.0/async/retry.ts": "c9248325ec08cc2cceb7618472e77589a51a25cee460e07b6096be34966c2ead",
    "https://deno.land/std@0.190.0/async/tee.ts": "47e42d35f622650b02234d43803d0383a89eb4387e1b83b5a40106d18ae36757",
    "https://deno.land/std@0.190.0/encoding/base64.ts": "144ae6234c1fbe5b68666c711dc15b1e9ee2aef6d42b3b4345bf9a6c91d70d0d",
    "https://deno.land/std@0.190.0/http/server.ts": "1b23463b5b36e4eebc495417f6af47a6f7d52e3294827a1226d2a1aab23d9d20",
    "https://deno.land/std@0.224.0/assert/_constants.ts": "a271e8ef5a573f1df8e822a6eb9d09df064ad66a4390f21b3e31f820a38e0975",
    "https://deno.land/std@0.224.0/assert/assert.ts": "09d30564c09de846855b7b071e62b5974b001bb72a4b797958fe0660e7849834",
    "https://deno.land/std@0.224.0/assert/assert_almost_equals.ts": "9e416114322012c9a21fa68e187637ce2d7df25bcbdbfd957cd639e65d3cf293",
    "https://deno.land/std@0.224.0/assert/assert_array_includes.ts": "14c5094471bc8e4a7895fc6aa5a184300d8a1879606574cb1cd715ef36a4a3c7",
    "https://deno.land/std@0.224.0/assert/assert_equals.ts": "3bbca947d85b9d374a108687b1a8ba3785a7850436b5a8930d81f34a32cb8c74",
    "https://deno.land/std@0.224.0/assert/assert_exists.ts": "43420cf7f956748ae6ed1230646567b3593cb7a36c5a5327269279c870c5ddfd",
    "https://deno.land/std@0.224.0/assert/assert_false.ts": "3e9be8e33275db00d952e9acb0cd29481a44fa0a4af6d37239ff58d79e8edeff",
    "https://deno.land/std@0.224.0/assert/assert_greater.ts": "5e57b201fd51b64ced36c828e3dfd773412c1a6120c1a5a99066c9b261974e46",
    "https://deno.land/std@0.224.0/assert/assert_greater_or_equal.ts": "9870030f997a08361b6f63400273c2fb1856f5db86c0c3852aab2a002e425c5b",
    "https://deno.land/std@0.224.0/assert/assert_instance_of.ts": "e22343c1fdcacfaea8f37784ad782683ec1cf599ae9b1b618954e9c22f376f2c",
    "https://deno.land/std@0.224.0/assert/assert_is_error.ts": "f856b3bc978a7aa6a601f3fec6603491ab6255118afa6baa84b04426dd3cc491",
    "https://deno.land/std@0.224.0/assert/assert_less.ts": "60b61e13a1982865a72726a5fa86c24fad7eb27c3c08b13883fb68882b307f68",
    "https://deno.land/std@0.224.0/assert/assert_less_or_equal.ts": "d2c84e17faba4afe085e6c9123a63395accf4f9e00150db899c46e67420e0ec3",
    "https://deno.land/std@0.224.0/assert/assert_match.ts": "ace1710dd3b2811c391946954234b5da910c5665aed817943d086d4d4871a8b7",
    "https://deno.land/std@0.224.0/assert/assert_not_equals.ts": "78d45dd46133d76ce624b2c6c09392f6110f0df9b73f911d20208a68dee2ef29",
    "https://deno.land/std@0.224.0/assert/assert_not_instance_of.ts": "3434a669b4d20cdcc5359779301a0588f941ffdc2ad68803c31eabdb4890cf7a",
    "https://deno.land/std@0.224.0/assert/assert_not_match.ts": "df30417240aa2d35b1ea44df7e541991348a063d9ee823430e0b58079a72242a",
    "https://deno.land/std@0.224.0/assert/assert_not_strict_equals.ts": "37f73880bd672709373d6dc2c5f148691119bed161f3020fff3548a0496f71b8",
    "https://deno.land/std@0.224.0/assert/assert_object_match.ts": "411450fd194fdaabc0089ae68f916b545a49d7b7e6d0026e84a54c9e7eed2693",
    "https://deno.land/std@0.224.0/assert/assert_rejects.ts": "4bee1d6d565a5b623146a14668da8f9eb1f026a4f338bbf92b37e43e0aa53c31",
    "https://deno.land/std@0.224.0/assert/assert_strict_equals.ts": "b4f45f0fd2e54d9029171876bd0b42dd9ed0efd8f853ab92a3f50127acfa54f5",
    "https://deno.land/std@0.224.0/assert/assert_string_includes.ts": "496b9ecad84deab72c8718735373feb6cdaa071eb91a98206f6f3cb4285e71b8",
    "https://deno.land/std@0.224.0/assert/assert_throws.ts": "c6508b2879d465898dab2798009299867e67c570d7d34c90a2d235e4553906eb",
    "https://deno.land/std@0.224.0/assert/assertion_error.ts": "ba8752bd27ebc51f723702fac2f54d3e94447598f54264a6653d6413738a8917",
    "https://deno.land/std@0.224.0/assert/equal.ts": "bddf07bb5fc718e10bb72d5dc2c36c1ce5a8bdd3b647069b6319e07af181ac47",
    "https://deno.land/std@0.224.0/assert/fail.ts": "0eba674ffb47dff083f02ced76d5130460bff1a9a68c6514ebe0cdea4abadb68",
    "https://deno.land/std@0.224.0/assert/mod.ts": "48b8cb8a619ea0b7958ad7ee9376500fe902284bb36f0e32c598c3dc34cbd6f3",
    "https://deno.land/std@0.224.0/assert/unimplemented.ts": "8c55a5793e9147b4f1ef68cd66496b7d5ba7a9e7ca30c6da070c1a58da723d73",
    "https://deno.land/std@0.224.0/assert/unreachable.ts": "5ae3dbf63ef988615b93eb08d395dda771c96546565f9e521ed86f6510c29e19",
    "https://deno.land/std@0.224.0/dotenv/load.ts": "587b342f0f6a3df071331fe6ba1c823729ab68f7d53805809475e486dd4161d7",
    "https://deno.land/std@0.224.0/dotenv/mod.ts": "0180eaeedaaf88647318811cdaa418cc64dc51fb08354f91f5f480d0a1309f7d",
    "https://deno.land/std@0.224.0/dotenv/parse.ts": "09977ff88dfd1f24f9973a338f0f91bbdb9307eb5ff6085446e7c423e4c7ba0c",
    "https://deno.land/std@0.224.0/dotenv/stringify.ts": "275da322c409170160440836342eaa7cf012a1d11a7e700d8ca4e7f2f8aa4615",
    "https://deno.land/std@0.224.0/fmt/colors.ts": "508563c0659dd7198ba4bbf87e97f654af3c34eb56ba790260f252ad8012e1c5",
    "https://deno.land/std@0.224.0/internal/diff.ts": "6234a4b493ebe65dc67a18a0eb97ef683626a1166a1906232ce186ae9f65f4e6",
    "https://deno.land/std@0.224.0/internal/format.ts": "0a98ee226fd3d43450245b1844b47003419d34d210fa989900861c79820d21c2",
    "https://deno.land/std@0.224.0/internal/mod.ts": "534125398c8e7426183e12dc255bb635d94e06d0f93c60a297723abe69d3b22e",
    "https://deno.land/x/zipjs@v2.7.32/index.js": "7c71926e0c9618e48a22d9dce701131704fd3148a1d2eefd5dba1d786c846a5f",
    "https://deno.land/x/zipjs@v2.7.32/lib/core/codec-pool.js": "e5ab8ee3ec800ed751ef1c63a1bd8e50f162aa256a5f625d173d7a32e76e828c",
    "https://deno.land/x/zipjs@v2.7.32/lib/core/codec-worker.js": "3a7a32976ef46168b71adce4c12c5bbe9c05fa3b3eabde34cf26689fd55fc26f",
    "https://deno.land/x/zipjs@v2.7.32/lib/core/configuration.js": "baa316a63df2f8239f9d52cd4863eaedaddd34ad887b7513588da75d19e84932",
    "https://deno.land/x/zipjs@v2.7.32/lib/core/constants.js": "14fe1468b87cd0fe20c6f1fec916485f875d8592beba94c9241af4cbd12dd88f",
    "https://deno.land/x/zipjs@v2.7.32/lib/core/io.js": "4c4e86ba187540be533003271f222183455897cd144cb542539e9480882c2dda",
    "https://deno.land/x/zipjs@v2.7.32/lib/core/streams/aes-crypto-stream.js": "8242f23a221c496996071b68d498e821ca6b8f20d04bdf74ee0a589ac3367cc5",
    "https://deno.land/x/zipjs@v2.7.32/lib/core/streams/codec-stream.js": "685f1120b94b6295dcd61b195d6202cd24a5344e4588dc52f42e8ac0f9dfe294",
    "https://deno.land/x/zipjs@v2.7.32/lib/core/streams/codecs/crc32.js": "dfdde666f72b4a5ffc8cf5b1451e0db578ce4bd90de20df2cff5bfd47758cb23",
    "https://deno.land/x/zipjs@v2.7.32/lib/core/streams/codecs/deflate.js": "08c1b24d1845528f6db296570d690ecbe23c6c01c6cb26b561e601e770281c3a",
    "https://deno.land/x/zipjs@v2.7.32/lib/core/streams/codecs/inflate.js": "55d00eed332cf2c4f61e2ee23133e3257768d0608572ee3f9641a2921c3a6f67",
    "https://deno.land/x/zipjs@v2.7.32/lib/core/streams/codecs/sjcl.js": "462289c5312f01bba8a757a7a0f3d8f349f471183cb4c49fb73d58bba18a5428",
    "https://deno.land/x/zipjs@v2.7.32/lib/core/streams/common-crypto.js": "4d462619848d94427fcd486fd94e5c0741af60e476df6720da8224b086eba47e",
    "https://deno.land/x/zipjs@v2.7.32/lib/core/streams/crc32-stream.js": "10e26bd18df0e1e89d61a62827a1a1c19f4e541636dd0eccbd85af3afabce289",
    "https://deno.land/x/zipjs@v2.7.32/lib/core/streams/stream-adapter.js": "9e7f3fe1601cc447943cd37b5adb6d74c6e9c404d002e707e8eace7bc048929c",
    "https://deno.land/x/zipjs@v2.7.32/lib/core/streams/zip-crypto-stream.js": "19305af1e8296e7fa6763f3391d0b8149a1e09c659e1d1ff32a484448b18243c",
    "https://deno.land/x/zipjs@v2.7.32/lib/core/streams/zip-entry-stream.js": "01d4dc0843e8c43d32454cbb15e4d1f9b7122ab288d7650129d010df54bc0b8e",
    "https://deno.land/x/zipjs@v2.7.32/lib/core/util/cp437-decode.js": "d665ded184037ffe5d255be8f379f90416053e3d0d84fac95b28f4aeaab3d336",
    "https://deno.land/x/zipjs@v2.7.32/lib/core/util/decode-text.js": "c04a098fa7c16470c48b6abd4eb4ac48af53547de65e7c8f39b78ae62330ad57",
    "https://deno.land/x/zipjs@v2.7.32/lib/core/util/default-mime-type.js": "177ae00e1956d3d00cdefc40eb158cb591d3d24ede452c056d30f98d73d9cd73",
    "https://deno.land/x/zipjs@v2.7.32/lib/core/util/encode-text.js": "c51a8947c15b7fe31b0036b69fd68817f54b30ce29502b5c9609d8b15e3b20d9",
    "https://deno.land/x/zipjs@v2.7.32/lib/core/util/mime-type.js": "6c6dfa4daf98ef59cd65118073b74f327ceab2ef28140e38934b0d15eb2b5c29",
    "https://deno.land/x/zipjs@v2.7.32/lib/core/util/stream-codec-shim.js": "1323016ec3c743942dc887215832badc7f2c1e8dbb37b71c94bf54276d2b281a",
    "https://deno.land/x/zipjs@v2.7.32/lib/core/zip-entry.js": "d30a535cd1e75ef98094cd04120f178c103cdc4055d23ff747ffc6a154da8d2d",
    "https://deno.land/x/zipjs@v2.7.32/lib/core/zip-fs-core.js": "6fbd3ad9dbf0d07e19e1a59863743d2069f2b5fca691bdd6cd8d052ee7ce0c06",
    "https://deno.land/x/zipjs@v2.7.32/lib/core/zip-reader.js": "4e63d88e4eb5f7419e2dc3ccb741014240267a49fb80a9cbcb024149990b532b",
    "https://deno.land/x/zipjs@v2.7.32/lib/core/zip-writer.js": "b78c099828ec3134983c259adc4d6118fbfda7f033a7e95de8176a470e9a5a54",
    "https://deno.land/x/zipjs@v2.7.32/lib/z-worker-inline.js": "9869579df96d7b75a10c70f231837c418b0cdd0ac26df12f17dade6bbaa6c17a",
    "https://deno.land/x/zipjs@v2.7.32/lib/zip-fs.js": "a733360302f5fbec9cc01543cb9fcfe7bae3f35a50d0006626ce42fe8183b63f",
    "https://esm.sh/@pdf-lib/standard-fonts@1.0.0/denonext/standard-fonts.mjs": "708d496da295d425f227de54b24c0da9be34cd33f5635d9bdd355dc549b49988",
    "https://esm.sh/@pdf-lib/standard-fonts@1.0.0?target=denonext": "6831e71a173d549ea549bc8ca62160b5309cb77c41a4a34b04bc679c9bb390bf",
    "https://esm.sh/@pdf-lib/upng@1.0.1/denonext/upng.mjs": "725dab6b2d126a6cb418f24ed9bd0aa9400949cbbbe8dcb975241236fdfa2d0d",
    "https://esm.sh/@pdf-lib/upng@1.0.1?target=denonext": "0aa62a3f01d37283242d27853ae61c7e3b8e4504a80bf2f7e748efc43fb06b19",
    "https://esm.sh/@supabase/auth-js@2.116.0/denonext/auth-js.mjs": "c499313c350b5bc7c66f5a529a44bb98b16bcb4f5e42dcfbc0d71b3387c2f8db",
    "https://esm.sh/@supabase/auth-js@2.64.4/denonext/auth-js.mjs": "a72d41796602ae950f8b7b980a629ccb4ac45376f0e510503c7a5e16019f4362",
    "https://esm.sh/@supabase/auth-js@2.68.0/denonext/auth-js.mjs": "c3c7ee55b70b7bfac11c1085db2ee95b6ebccf10590336d071b219cf226bb212",
    "https://esm.sh/@supabase/auth-js@2.71.1/denonext/auth-js.mjs": "a92d005e4a8a03063aa2c46d7d69161fa776ce1bacccc43daa70e28fe367068e",
    "https://esm.sh/@supabase/auth-js@2.87.1/denonext/auth-js.mjs": "df648c4de803ec1cbffe08566cc4bdc203a89eb75856528b965f43dd4b877088",
    "https://esm.sh/@supabase/functions-js@2.116.0/denonext/functions-js.mjs": "b4563dfbefd52b36879757f8aee5adbeb8e57001672affcf09aea692842325c2",
    "https://esm.sh/@supabase/functions-js@2.4.1/denonext/functions-js.mjs": "0dfa81270bba8ae5af371b273a564203b4625b3a18e70774235b0b46ef40d940",
    "https://esm.sh/@supabase/functions-js@2.4.4/denonext/functions-js.mjs": "7adeb257410ef3c4a8a1eb9b4ff416c0075d1c32860ca04913c8a9dace1de6a6",
    "https://esm.sh/@supabase/functions-js@2.4.5/denonext/functions-js.mjs": "acfcb4db90c292c335a9dbb5664485f5e0b680533d68e6942abb9387ec7e0d0b",
    "https://esm.sh/@supabase/functions-js@2.4.6/denonext/functions-js.mjs": "d6cc049a0430f428ff0b71a0d3c48d45a243ddd48c68febcdb5cb8a02476a1dc",
    "https://esm.sh/@supabase/functions-js@2.87.1/denonext/functions-js.mjs": "cefdfdefe3d6a8aaa6268f1109a73d5fb431015e8f604a4d73bd554dba6e1c1e",
    "https://esm.sh/@supabase/node-fetch@2.6.15/denonext/node-fetch.mjs": "0bae9052231f4f6dbccc7234d05ea96923dbf967be12f402764580b6bf9f713d",
    "https://esm.sh/@supabase/node-fetch@2.6.15?target=denonext": "4d28c4ad97328403184353f68434f2b6973971507919e9150297413664919cf3",
    "https://esm.sh/@supabase/phoenix@0.4.5/denonext/phoenix.mjs": "40bd2a70829cd847848baac58e635bacd83fd62188f6624b44e2c295341004eb",
    "https://esm.sh/@supabase/postgrest-js@1.15.8/denonext/postgrest-js.mjs": "e38ab1fbd1d7ed325e3ddc20c72001d3653151c3d3be3455d682b141321a345d",
    "https://esm.sh/@supabase/postgrest-js@1.19.2/denonext/postgrest-js.mjs": "d0a1bb70df26f658c9129401b4677510e359f66646f45bb98adfeb14c2b58560",
    "https://esm.sh/@supabase/postgrest-js@1.21.3/denonext/postgrest-js.mjs": "a9567fcd2c62b498d01514aebf82beb11acdd8242833d081bdc61d1f0227f9ef",
    "https://esm.sh/@supabase/postgrest-js@1.21.4/denonext/postgrest-js.mjs": "c3769b11ef02debc78ecf6ab4e152d3cf7dbd05bbbafeb72c160e76cc57cda3c",
    "https://esm.sh/@supabase/postgrest-js@2.116.0/denonext/postgrest-js.mjs": "8bcbe926ba450fe3b584f659a84cd62b43298b8ab7113b4f68389cb8630e876f",
    "https://esm.sh/@supabase/postgrest-js@2.87.1/denonext/postgrest-js.mjs": "ee1bcda955a878440196503923a535e18ff2fd1f20dd0582f652a435ba5a9a10",
    "https://esm.sh/@supabase/realtime-js@2.10.2/denonext/realtime-js.mjs": "3a5a350e881736135ec1bd8c4361c96edeb647d3c56be7cf3a68eddfaf3ce242",
    "https://esm.sh/@supabase/realtime-js@2.11.2/denonext/realtime-js.mjs": "c33ac375b6be89c893f9df844d2525a4ace015a35aa6ba236270d00c6605c7ba",
    "https://esm.sh/@supabase/realtime-js@2.116.0/denonext/realtime-js.mjs": "c2aaa735183dcb94c62b43dfcb0c9e30ea1fd4c02ff16d77352a268ef5b3b897",
    "https://esm.sh/@supabase/realtime-js@2.15.5/denonext/realtime-js.mjs": "518bdc73c29b502ba4dcf7ce2dff0ff8c1cbd8e5978f7ea2435af8214ea45dd5",
    "https://esm.sh/@supabase/realtime-js@2.87.1/denonext/realtime-js.mjs": "e6815bdb6aff1fdbabfc9d264f026112c58d51571daf1e1529c76e0e26b53970",
    "https://esm.sh/@supabase/storage-js@2.116.0/denonext/storage-js.mjs": "9f9f67c3c6087ab28280eb378525665043658b157102d272026f294447bac8c0",
    "https://esm.sh/@supabase/storage-js@2.116.0?target=denonext": "0290e6740f2384249f381f86713332a9cdaffa8e02fa4db8cde560fd7f4c12df",
    "https://esm.sh/@supabase/storage-js@2.12.1/denonext/storage-js.mjs": "7a5a47546486972c0627b620e7413300b4e82ac6e26b53d2c31933e13c2d652e",
    "https://esm.sh/@supabase/storage-js@2.6.0/denonext/storage-js.mjs": "d3f8b6f5f538cd0d8f88ed0248c3b5dc845d9ca41500589e19fbfc734c8952de",
    "https://esm.sh/@supabase/storage-js@2.7.1/denonext/storage-js.mjs": "73ac8cdc95cfcd794fe603dbd7ce06d539ab51538ae6467eabe0f9cc26c993aa",
    "https://esm.sh/@supabase/storage-js@2.87.1/denonext/storage-js.mjs": "8468ef6bef2daf31940837decd8bdde9f5b1e35eec66dd9af3a409562a556088",
    "https://esm.sh/@supabase/supabase-js@2.116.0": "a38014743786a06c7dbf095a99e9ef3b38c0ec16bff076fc7cd403991192b34e",
    "https://esm.sh/@supabase/supabase-js@2.116.0/denonext/dist/tracingRegistry.mjs": "0e1396a312a355c347c21e408cdf70f0dbf24fa0f1cd0211898bbdb8b97d4b31",
    "https://esm.sh/@supabase/supabase-js@2.116.0/denonext/supabase-js.mjs": "8ff7741567ff920877cbc944d0bfed51135fcc0597fdddbfd57033e3a2390ebe",
    "https://esm.sh/@supabase/supabase-js@2.45.0": "36ae57c3f2dc3f94fd122a846b40a87114d29bb2f47e910cb46bee5575febf2e",
    "https://esm.sh/@supabase/supabase-js@2.45.0/denonext/supabase-js.mjs": "59c4845d0798118ff097b3295b5a6f3ef63d18ff4a31bf8125e91b467e0be7a6",
    "https://esm.sh/@supabase/supabase-js@2.49.1": "947c71e163ca8bb5b538eccb5ee86fbc8da6bcb916a861586db5fad1af4701bb",
    "https://esm.sh/@supabase/supabase-js@2.49.1/denonext/supabase-js.mjs": "35cb49b21ab1bdfb4bdc239a458ebe273a3478be9fbb4380a41efac28ff2bd72",
    "https://esm.sh/@supabase/supabase-js@2.57.2": "ae34123f923ca1622834de1b1e20b4ec735cd183d0fbf8fd7c3d67ce2f358909",
    "https://esm.sh/@supabase/supabase-js@2.57.2/denonext/supabase-js.mjs": "92bdd06e86579250ca1d30c7251d4df57e8ffdab38a880b559b027f7f0cf1af1",
    "https://esm.sh/@supabase/supabase-js@2.57.4": "05a369085eb4a4c99d85ccece97f0cf1e05357122e0e74373da1f0e91b014902",
    "https://esm.sh/@supabase/supabase-js@2.57.4/denonext/supabase-js.mjs": "b31f4ec51272218b68cfdcef9de5aa7abd0f1da1262fa0b9377c62eb18fe494b",
    "https://esm.sh/@supabase/supabase-js@2.87.1": "103ac54a7a223047234abf729ea8474d1e107b63435db8f8e3d13b3d929859af",
    "https://esm.sh/@supabase/supabase-js@2.87.1/denonext/supabase-js.mjs": "0dbd3020edc204c8e0cec556f1ab35207bc00e76cfe978b621cb64941f6aa287",
    "https://esm.sh/async-function@1.0.0/denonext/async-function.mjs": "9a68a79494e7318827f19367915e5e8c902d81d395a2a429114371d8f506afd8",
    "https://esm.sh/async-function@1.0.0?target=denonext": "c5e89ac5310741350e80c75eb1ff0c24bdaa16db5bf0f9181fceea7e3bca763e",
    "https://esm.sh/async-generator-function@1.0.0/denonext/async-generator-function.mjs": "c7d6e6484a0083577a002c3114e08d84762b6f74327c89cd0129226cefd7436a",
    "https://esm.sh/async-generator-function@1.0.0?target=denonext": "7b92d0f159fcd05e4cb37faf06fe4d83333517287a9fd3fa1c3dfa34bfa99891",
    "https://esm.sh/bufferutil@4.1.0/denonext/bufferutil.mjs": "9b6e81087bdc57848ad1de1f8618ebbace98ebd9ff6cab51260b48c2a045a9c9",
    "https://esm.sh/bufferutil@4.1.0?target=denonext": "aaa2a112199593ccc40da1aedf5124779862ea166afb0a8529f04f907001428a",
    "https://esm.sh/call-bind-apply-helpers@1.0.2/denonext/actualApply.mjs": "e40dd22950f5eb996a325283de44db908753de3396f81ca4b4b186809ec7404b",
    "https://esm.sh/call-bind-apply-helpers@1.0.2/denonext/call-bind-apply-helpers.mjs": "1c096a11476850297224ad825a8e505c23fcc555a8474e929897f8d799fef30b",
    "https://esm.sh/call-bind-apply-helpers@1.0.2/denonext/functionApply.mjs": "20d90adbc9be9d9b51fe4fe1019f8bd1d0823f27a2557eed275b9e44c07260c5",
    "https://esm.sh/call-bind-apply-helpers@1.0.2/denonext/functionCall.mjs": "b36700f863bccd6667f66bfdc7cd9a252129cb203bf5eef59bf29046b9da1467",
    "https://esm.sh/call-bind-apply-helpers@1.0.2/denonext/reflectApply.mjs": "ad4d25d2a301d5d1701b908c50aa229ff4b5e62f05136d3828f1a26d5dc901f6",
    "https://esm.sh/call-bind-apply-helpers@1.0.2/functionApply?target=denonext": "62c4f7ef478c97ef7b1ba0e303d61df3cb4a1df4317b606e43b655f0e4219c43",
    "https://esm.sh/call-bind-apply-helpers@1.0.2/functionCall?target=denonext": "4366685652c948d1c2ca5264d496bb739f52ee5860950a1496e5214759135cc8",
    "https://esm.sh/call-bind-apply-helpers@1.0.2?target=denonext": "905e972ffcd24bdbceda3bc3208a2102b1ba8ebc2e74e55e42433ad17e1e455e",
    "https://esm.sh/call-bound@1.0.4/denonext/call-bound.mjs": "08fb5feeb1c0e871cfd19912759ea62b7023bac1d443ffb498f3968082bb3711",
    "https://esm.sh/call-bound@1.0.4?target=denonext": "8861d775f1c2f685b8985662bfc0eb9037cef7c41c7ee39ae49306662933cc67",
    "https://esm.sh/dunder-proto@1.0.1/denonext/get.mjs": "8249c9d4dfb0c1f5ee60df6588c77153a4da927b2759e7059b4124c69a8e9223",
    "https://esm.sh/dunder-proto@1.0.1/get?target=denonext": "13d001daa54e39c69fe8034e0f54ecf326c1b44fcdf005b47a16087c535ee15e",
    "https://esm.sh/es-object-atoms@1.1.2/denonext/es-object-atoms.mjs": "ee93139185ac5d3b1975c2d5e07775f24f0193b6ffae0ea7d4c87c88941a692d",
    "https://esm.sh/es-object-atoms@1.1.2?target=denonext": "709a454851c0cec303599eaf7581cc26e4e7668a57c224c589a74a78235bc362",
    "https://esm.sh/generator-function@2.0.1/denonext/generator-function.mjs": "c0830dd65531f61823dd69e7d9f8fedace61f5810aa3ef4a47c876638ccce5a2",
    "https://esm.sh/generator-function@2.0.1?target=denonext": "d69b75b5af8feab1b72504ae1c088a112345997bc2fb03e78bc4b5cc2c717b30",
    "https://esm.sh/get-intrinsic@1.3.1/denonext/get-intrinsic.mjs": "af07ca16f714e1faaca241d5f136cae8e6d8300dc1cfcee3d2b670008fcfd579",
    "https://esm.sh/get-intrinsic@1.3.1?target=denonext": "e293e28f884cf6eb97da776907dd175a9b20a072d4b90898b590d7a156449f72",
    "https://esm.sh/get-proto@1.0.1/Object.getPrototypeOf?target=denonext": "07ea2fdda9026eb3b7e18eff95a1314a82db3b37efd0e4a1b7bd91c454bfd492",
    "https://esm.sh/get-proto@1.0.1/Reflect.getPrototypeOf?target=denonext": "08346568b8d1b2532dfff0affbb99b0400960313cb1b350969f9ca1f889ac700",
    "https://esm.sh/get-proto@1.0.1/denonext/Object.getPrototypeOf.mjs": "d62989d14e99b23a7604030f5b2c176b55067bd790d9056fd7b8a7f324c13c62",
    "https://esm.sh/get-proto@1.0.1/denonext/Reflect.getPrototypeOf.mjs": "4b884fb35dbdc6b2a67708f195cf46435514a7eb3930578453176aafe59d49fe",
    "https://esm.sh/get-proto@1.0.1/denonext/get-proto.mjs": "0e4ddb145c883b3f941aeba555feb48b9f177838d070449782265daf59b77377",
    "https://esm.sh/get-proto@1.0.1?target=denonext": "fa3e52250f16f485da729565f1f41dcbb23edeb64420db0146e374cc835c9b04",
    "https://esm.sh/iceberg-js@0.8.1/denonext/iceberg-js.mjs": "d839d81a2e3966500ca2cdd0c1cb458e9608bacfc91f7bb67a69b2e878dcdb4f",
    "https://esm.sh/iceberg-js@0.8.1?target=denonext": "58c849d7fe2bf4eca4a84eb501e83c161a7d8c34ca1bec15a962b3bec3062633",
    "https://esm.sh/math-intrinsics@1.1.0/abs?target=denonext": "b43b9b3996b29cda49a1ad6d71b876095144b3252c761b4338e8870e5073542e",
    "https://esm.sh/math-intrinsics@1.1.0/denonext/abs.mjs": "08304368394a36ee89a52def8a533da1f7c602891647a3e10543a8bbdb746c8b",
    "https://esm.sh/math-intrinsics@1.1.0/denonext/floor.mjs": "c5e41bb95fa47641ca012faa0a093eef6401d3ace4479a85e39cf726eb184785",
    "https://esm.sh/math-intrinsics@1.1.0/denonext/isNaN.mjs": "4c0aa9576873f1a60fc724bf6a7959ae3eb30e6b002aa3a94a00f6d071ae4fb2",
    "https://esm.sh/math-intrinsics@1.1.0/denonext/max.mjs": "d7b63113695c5fef18e6c505fb0db439cefefe5d6578283207bbed54287c53e9",
    "https://esm.sh/math-intrinsics@1.1.0/denonext/min.mjs": "445c0cbc6acecab1076657ce2b3ce8783b6bd7ec638b76b128dae98a92a9876a",
    "https://esm.sh/math-intrinsics@1.1.0/denonext/pow.mjs": "b15d61336938ae7d84cd9e223509cb576cc2b89a34ec678889c6cdc82bfdd45c",
    "https://esm.sh/math-intrinsics@1.1.0/denonext/round.mjs": "a96681000e62bc8c0ff3582a77981fc88fa3034ed5bb85b3e1a15047eeb954b6",
    "https://esm.sh/math-intrinsics@1.1.0/denonext/sign.mjs": "323a0314efc3a9892beebf5cdd3b6a1d71986821b58548b3a593f8103e4c49b0",
    "https://esm.sh/math-intrinsics@1.1.0/floor?target=denonext": "58bd34b24e7c69b79e09243ed99bf0aa35e0423524c5d6f3986d46f72b19cdab",
    "https://esm.sh/math-intrinsics@1.1.0/max?target=denonext": "67e6a93d9f2dd0eb70967013abd67be262b7651e05c4384c9899621ed29db5bb",
    "https://esm.sh/math-intrinsics@1.1.0/min?target=denonext": "869cb45f08e5642671cb4e0078b73fae5e767656e7ab86a208ca721d67b42fb1",
    "https://esm.sh/math-intrinsics@1.1.0/pow?target=denonext": "4f42df7a6c0593efdb1edb840affe3a464884ac3287fa18b03810021ee55a5fb",
    "https://esm.sh/math-intrinsics@1.1.0/round?target=denonext": "635d454d1f3fe901ab84dc7508ca8ba90825085b051278f083986ab8d763e675",
    "https://esm.sh/math-intrinsics@1.1.0/sign?target=denonext": "67eede9463cdb90393f9e449e8d6d59283db42ff1793fc381292a5612e535cfe",
    "https://esm.sh/node-gyp-build@4.8.4/denonext/node-gyp-build.mjs": "9a86f2d044fc77bd60aaa3d697c2ba1b818da5fb1b9aaeedec59a40b8e908803",
    "https://esm.sh/node-gyp-build@4.8.4?target=denonext": "261a6cedf1fdbf159798141ba1e2311ac1510682c5c8b55dacc8cf5fdee4aa06",
    "https://esm.sh/object-inspect@1.13.4/denonext/object-inspect.mjs": "45c312125d1f5469db2840085ce40fa3fbaab81bebcb4b2f79153f9eeaa05230",
    "https://esm.sh/object-inspect@1.13.4?target=denonext": "426a13b7cd2fb610060e1d943f1ae802ef3873c2055b80dd75b39fddcb5b91f9",
    "https://esm.sh/pako@1.0.11/denonext/pako.mjs": "4895feb3e2441ef725da4052a5dc93d219d065fef1decc4452bb9b7ee1477c0d",
    "https://esm.sh/pako@1.0.11?target=denonext": "bc43f66ed245d58d468bf9867b3e9080c5b0590b4c14038ea308954490e0b2ea",
    "https://esm.sh/pdf-lib@1.17.1": "cf7c5527829cb9bbb3aa20d339c530067441c10eb98880360aea9e77c3c87ff8",
    "https://esm.sh/pdf-lib@1.17.1/denonext/es/core/annotation.mjs": "9fea26c9d06ec825c6bde7f498361fa4cf91cfa7f6c67c362c96edb812fe4619",
    "https://esm.sh/pdf-lib@1.17.1/denonext/es/utils.mjs": "cf96c5836fdd5f60eeccd53603c87b52c43c11c8b99e85f79f586be58a59f4d1",
    "https://esm.sh/pdf-lib@1.17.1/denonext/es/utils/index.mjs": "34773d399ffdacd2972f527377d293aa3bff9d3a0d31d48d956a00c9c0c32329",
    "https://esm.sh/pdf-lib@1.17.1/denonext/pdf-lib.mjs": "3be07aa3466e0e9eee79730a775211d6bb8547c0cb9d203c09dde6feca1dc559",
    "https://esm.sh/qs@6.16.0/denonext/qs.mjs": "42d59c8b1ea946874ac27cd384ed6249c8c8869f0df17ec5d9f94e3da5632dfd",
    "https://esm.sh/qs@6.16.0?target=denonext": "cbc9ba9a6175a18bdd29e7e244d067ede3d8144cb2dee2aff4ce681a56c5e6c8",
    "https://esm.sh/side-channel-list@1.0.1/denonext/side-channel-list.mjs": "c5645369dabde028779a14220cbf07fd306949004ce0b96ceca37b9c0a67477d",
    "https://esm.sh/side-channel-list@1.0.1?target=denonext": "048acf95bc6b0fbc223931d6c49be2d929d9a6d3ebde2ab9897fae38df154cc0",
    "https://esm.sh/side-channel-map@1.0.1/denonext/side-channel-map.mjs": "5c6c38348826aa2b41eb5654fff235ae06a06c6f0b02ad736b6f226704d7043a",
    "https://esm.sh/side-channel-map@1.0.1?target=denonext": "8b59be4ffd58b5654971b600ca894755e9277c9be88dbfcc5673b2e85d8d30ec",
    "https://esm.sh/side-channel-weakmap@1.0.2/denonext/side-channel-weakmap.mjs": "5bee9551eadb611a71937950a614bd9d46ca5139afbb20e28321c1704953b367",
    "https://esm.sh/side-channel-weakmap@1.0.2?target=denonext": "f6ca783896c64a8ca09f483a7809e053e4e31b1569b5c5251ed5813561330dfe",
    "https://esm.sh/side-channel@1.1.1/denonext/side-channel.mjs": "4128535b2cbb605d142594272a90adef511c250130167eba0e06b0168a03b556",
    "https://esm.sh/side-channel@1.1.1?target=denonext": "95435f8b4cfb2827b11a0a384b7a5a82cf42e7d54435276084aef40717129eac",
    "https://esm.sh/stripe@18.5.0": "da8bd0bec3e31938500a0f96624f2d8372a1566cd6595d2bfdbbab22d3164e04",
    "https://esm.sh/stripe@18.5.0/denonext/stripe.mjs": "522acfbff793e7ad68c7f1ea61ced3286a0029331a4443e952922ad0a1796157",
    "https://esm.sh/tr46@0.0.3/denonext/tr46.mjs": "5753ec0a99414f4055f0c1f97691100f13d88e48a8443b00aebb90a512785fa2",
    "https://esm.sh/tr46@0.0.3?target=denonext": "19cb9be0f0d418a0c3abb81f2df31f080e9540a04e43b0f699bce1149cba0cbb",
    "https://esm.sh/tslib@1.14.1/denonext/tslib.mjs": "748739307d67fbaa8ae634eed70715714dd1f54f04fe8635bcb7f72cb0aaed62",
    "https://esm.sh/tslib@1.14.1?target=denonext": "2982231d9e09e6f007540c7a24c12a7cccb0e84ca98df2ad86ff2bdca1c0fa35",
    "https://esm.sh/tslib@2.8.1/denonext/tslib.mjs": "c38da5dd6da6281964435002ce204cd586634fe3bdfb24a0ee116f48cf3292e9",
    "https://esm.sh/utf-8-validate@6.0.6/denonext/utf-8-validate.mjs": "4a41983aa887625615f52a52b53c223d8f16c74e52a6bd41b2c361894c07f878",
    "https://esm.sh/utf-8-validate@6.0.6?target=denonext": "8afa4e097093160323f232f971ca61474d22ccafdac8025e4e4f66ab4e07b2c4",
    "https://esm.sh/webidl-conversions@3.0.1/denonext/webidl-conversions.mjs": "238cd0743827707cbc1c2d7c2cf1027dbc536fb53ec9a3fde0ff8026a3ac5385",
    "https://esm.sh/webidl-conversions@3.0.1?target=denonext": "4e20318d50528084616c79d7b3f6e7f0fe7b6d09013bd01b3974d7448d767e29",
    "https://esm.sh/whatwg-url@5.0.0/denonext/whatwg-url.mjs": "29b16d74ee72624c915745bbd25b617cfd2248c6af0f5120d131e232a9a9af79",
    "https://esm.sh/whatwg-url@5.0.0?target=denonext": "f001a2cadf81312d214ca330033f474e74d81a003e21e8c5d70a1f46dc97b02d",
    "https://esm.sh/ws@8.21.3/denonext/ws.mjs": "06f4232ae4661bde6643351cf016a810ef62bc23c555d736d72323c0e46fcad0",
    "https://esm.sh/ws@8.21.3?target=denonext": "a7a038553aa72c62198495e7f69c67f9618437c22d9f2c12e00513ceff5a7141",
    "https://esm.sh/zod@3.23.8": "15e60c792ac21d4818f181671c7c74bf33bf7526d487dc524911e42785d8b5c2",
    "https://esm.sh/zod@3.23.8/denonext/zod.mjs": "6ee0474ec5a765b112eca12525d7e30c8e77eedbe2f2ac5e19f2af468b759517"
  }
}
